
Microsoft Visual Studio Solution File, Format Version 12.00
# Visual Studio Version 17
VisualStudioVersion = 17.0.31717.71
MinimumVisualStudioVersion = 10.0.40219.1
Project("{9A19103F-16F7-4668-BE54-9A1E7A4F7556}") = "MudXExamples", "MudXExamples.csproj", "{ADDD9169-6113-4D85-AF8F-513106F17212}"
EndProject
Global
	GlobalSection(SolutionConfigurationPlatforms) = preSolution
		Debug|Any CPU = Debug|Any CPU
		Release|Any CPU = Release|Any CPU
	EndGlobalSection
	GlobalSection(ProjectConfigurationPlatforms) = postSolution
		{ADDD9169-6113-4D85-AF8F-513106F17212}.Debug|Any CPU.ActiveCfg = Debug|Any CPU
		{ADDD9169-6113-4D85-AF8F-513106F17212}.Debug|Any CPU.Build.0 = Debug|Any CPU
		{ADDD9169-6113-4D85-AF8F-513106F17212}.Release|Any CPU.ActiveCfg = Release|Any CPU
		{ADDD9169-6113-4D85-AF8F-513106F17212}.Release|Any CPU.Build.0 = Release|Any CPU
	EndGlobalSection
	GlobalSection(SolutionProperties) = preSolution
		HideSolutionNode = FALSE
	EndGlobalSection
	GlobalSection(ExtensibilityGlobals) = postSolution
		SolutionGuid = {B52CE12A-041E-48A0-B4A8-AB8E240F31E9}
	EndGlobalSection
EndGlobal